
Microsoft Visual Studio Solution File, Format Version 12.00
# Visual Studio 14
VisualStudioVersion = 14.0.25420.1
MinimumVisualStudioVersion = 10.0.40219.1
Project("{FAE04EC0-301F-11D3-BF4B-00C04F79EFBC}") = "GeoMapReader", "GeoMapReader\GeoMapReader.csproj", "{946337D3-B9A0-4DA9-9312-4E2C24640D81}"
EndProject
Project("{FAE04EC0-301F-11D3-BF4B-00C04F79EFBC}") = "GeoMapTesty", "GeoMapTesty\GeoMapTesty.csproj", "{6A1DA428-A1BE-4EE2-838E-9108ED4B0280}"
EndProject
Project("{2150E333-8FDC-42A3-9474-1A3956D46DE8}") = "GeoMapSamples", "GeoMapSamples", "{561DE0EA-251D-4091-8CCE-3DBD3E59EC75}"
	ProjectSection(SolutionItems) = preProject
		GeoMapSamples\Format plików MAP.pdf = GeoMapSamples\Format plików MAP.pdf
		GeoMapSamples\Klasyfikacja obiektów.pdf = GeoMapSamples\Klasyfikacja obiektów.pdf
		GeoMapSamples\Nysa.MAP = GeoMapSamples\Nysa.MAP
	EndProjectSection
EndProject
Project("{FAE04EC0-301F-11D3-BF4B-00C04F79EFBC}") = "GeoMapDomena", "GeoMapDomena\GeoMapDomena.csproj", "{9F6FD609-49DF-4B72-A0B1-F228C118D4BF}"
EndProject
Project("{2150E333-8FDC-42A3-9474-1A3956D46DE8}") = "Solution Items", "Solution Items", "{A5A46E62-33C7-4716-83E2-A67F61D97620}"
	ProjectSection(SolutionItems) = preProject
		README.md = README.md
	EndProjectSection
EndProject
Global
	GlobalSection(SolutionConfigurationPlatforms) = preSolution
		Debug|Any CPU = Debug|Any CPU
		Release|Any CPU = Release|Any CPU
	EndGlobalSection
	GlobalSection(ProjectConfigurationPlatforms) = postSolution
		{946337D3-B9A0-4DA9-9312-4E2C24640D81}.Debug|Any CPU.ActiveCfg = Debug|Any CPU
		{946337D3-B9A0-4DA9-9312-4E2C24640D81}.Debug|Any CPU.Build.0 = Debug|Any CPU
		{946337D3-B9A0-4DA9-9312-4E2C24640D81}.Release|Any CPU.ActiveCfg = Release|Any CPU
		{946337D3-B9A0-4DA9-9312-4E2C24640D81}.Release|Any CPU.Build.0 = Release|Any CPU
		{6A1DA428-A1BE-4EE2-838E-9108ED4B0280}.Debug|Any CPU.ActiveCfg = Debug|Any CPU
		{6A1DA428-A1BE-4EE2-838E-9108ED4B0280}.Debug|Any CPU.Build.0 = Debug|Any CPU
		{6A1DA428-A1BE-4EE2-838E-9108ED4B0280}.Release|Any CPU.ActiveCfg = Release|Any CPU
		{6A1DA428-A1BE-4EE2-838E-9108ED4B0280}.Release|Any CPU.Build.0 = Release|Any CPU
		{9F6FD609-49DF-4B72-A0B1-F228C118D4BF}.Debug|Any CPU.ActiveCfg = Debug|Any CPU
		{9F6FD609-49DF-4B72-A0B1-F228C118D4BF}.Debug|Any CPU.Build.0 = Debug|Any CPU
		{9F6FD609-49DF-4B72-A0B1-F228C118D4BF}.Release|Any CPU.ActiveCfg = Release|Any CPU
		{9F6FD609-49DF-4B72-A0B1-F228C118D4BF}.Release|Any CPU.Build.0 = Release|Any CPU
	EndGlobalSection
	GlobalSection(SolutionProperties) = preSolution
		HideSolutionNode = FALSE
	EndGlobalSection
EndGlobal
